{
  "name": "authorizer",
  "version": "1.0.0",
  "lockfileVersion": 2,
  "requires": true,
  "packages": {
    "": {
      "name": "authorizer",
      "version": "1.0.0",
      "license": "ISC",
      "dependencies": {
        "jose": "^4.6.1"
      }
    },
    "node_modules/jose": {
      "version": "4.6.1",
      "resolved": "https://registry.npmjs.org/jose/-/jose-4.6.1.tgz",
      "integrity": "sha512-EFnufEivlIB6j7+JwaenYQzdUDs/McajDr9WnhT6EI0WxbexnfuZimpWX1GnobF6OnQsUFmWFXUXdWyZHWdQow==",
      "funding": {
        "url": "https://github.com/sponsors/panva"
      }
    }
  },
  "dependencies": {
    "jose": {
      "version": "4.6.1",
      "resolved": "https://registry.npmjs.org/jose/-/jose-4.6.1.tgz",
      "integrity": "sha512-EFnufEivlIB6j7+JwaenYQzdUDs/McajDr9WnhT6EI0WxbexnfuZimpWX1GnobF6OnQsUFmWFXUXdWyZHWdQow=="
    }
  }
}
